# Generated by move; do not edit
# This file should be checked in.

[move]
version = 4

[pinned.testnet.MoveStdlib]
source = { git = "https://github.com/MystenLabs/sui.git", subdir = "crates/sui-framework/packages/move-stdlib", rev = "868c226359ef914f1f3b080518f27eb13d8967f5" }
use_environment = "testnet"
manifest_digest = "C4FE4C91DE74CBF223B2E380AE40F592177D21870DC2D7EB6227D2D694E05363"
deps = {}

[pinned.testnet.MoveStdlib_1]
source = { git = "https://github.com/MystenLabs/sui.git", subdir = "crates/sui-framework/packages/move-stdlib", rev = "4e8aa9ee8b307b294cc85baf7d08af1f432e3d93" }
use_environment = "testnet"
manifest_digest = "C4FE4C91DE74CBF223B2E380AE40F592177D21870DC2D7EB6227D2D694E05363"
deps = {}

[pinned.testnet.Sui]
source = { git = "https://github.com/MystenLabs/sui.git", subdir = "crates/sui-framework/packages/sui-framework", rev = "868c226359ef914f1f3b080518f27eb13d8967f5" }
use_environment = "testnet"
manifest_digest = "7AFB66695545775FBFBB2D3078ADFD084244D5002392E837FDE21D9EA1C6D01C"
deps = { MoveStdlib = "MoveStdlib" }

[pinned.testnet.Sui_1]
source = { git = "https://github.com/MystenLabs/sui.git", subdir = "crates/sui-framework/packages/sui-framework", rev = "4e8aa9ee8b307b294cc85baf7d08af1f432e3d93" }
use_environment = "testnet"
manifest_digest = "7AFB66695545775FBFBB2D3078ADFD084244D5002392E837FDE21D9EA1C6D01C"
deps = { MoveStdlib = "MoveStdlib_1" }

[pinned.testnet.WAL]
source = { git = "https://github.com/MystenLabs/walrus.git", subdir = "testnet-contracts/wal", rev = "1507953f7aec620589a6287501d14861f76a940a" }
use_environment = "testnet"
manifest_digest = "8472F8E6EF249B4ADA3FBCB042D6BABAB922AE4C80F08D227C05A766AF7ED0FA"
deps = { Sui = "Sui_1" }

[pinned.testnet.Walrus]
source = { git = "https://github.com/MystenLabs/walrus.git", subdir = "testnet-contracts/walrus", rev = "1507953f7aec620589a6287501d14861f76a940a" }
use_environment = "testnet"
manifest_digest = "4B30DF6A85C68E29D86BFBEA9C2F0E719E5F2A26086CA42BC2CFA3E897F5F9A6"
deps = { Sui = "Sui_1", WAL = "WAL" }

[pinned.testnet.bosphor]
source = { root = true }
use_environment = "testnet"
manifest_digest = "07C044F3559E1446F2B5370A4219D8F57A70CFF23EEB3782BCB25C5C8DA839DA"
deps = { Walrus = "Walrus", std = "MoveStdlib", sui = "Sui" }
